
Microsoft Visual Studio Solution File, Format Version 12.00
# Visual Studio 15
VisualStudioVersion = 15.0.28010.2016
MinimumVisualStudioVersion = 10.0.40219.1
Project("{FAE04EC0-301F-11D3-BF4B-00C04F79EFBC}") = "FizzBuzz", "FizzBuzz\FizzBuzz.csproj", "{29360CFE-E98B-4AFE-A7C8-4EC816DE52B3}"
EndProject
Project("{FAE04EC0-301F-11D3-BF4B-00C04F79EFBC}") = "FizzBuzz.Tests", "FizzBuzz.Tests\FizzBuzz.Tests.csproj", "{CC116AF3-CBB9-46DD-B752-7E10D90484C9}"
EndProject
Global
	GlobalSection(SolutionConfigurationPlatforms) = preSolution
		Debug|Any CPU = Debug|Any CPU
		Release|Any CPU = Release|Any CPU
	EndGlobalSection
	GlobalSection(ProjectConfigurationPlatforms) = postSolution
		{29360CFE-E98B-4AFE-A7C8-4EC816DE52B3}.Debug|Any CPU.ActiveCfg = Debug|Any CPU
		{29360CFE-E98B-4AFE-A7C8-4EC816DE52B3}.Debug|Any CPU.Build.0 = Debug|Any CPU
		{29360CFE-E98B-4AFE-A7C8-4EC816DE52B3}.Release|Any CPU.ActiveCfg = Release|Any CPU
		{29360CFE-E98B-4AFE-A7C8-4EC816DE52B3}.Release|Any CPU.Build.0 = Release|Any CPU
		{CC116AF3-CBB9-46DD-B752-7E10D90484C9}.Debug|Any CPU.ActiveCfg = Debug|Any CPU
		{CC116AF3-CBB9-46DD-B752-7E10D90484C9}.Debug|Any CPU.Build.0 = Debug|Any CPU
		{CC116AF3-CBB9-46DD-B752-7E10D90484C9}.Release|Any CPU.ActiveCfg = Release|Any CPU
		{CC116AF3-CBB9-46DD-B752-7E10D90484C9}.Release|Any CPU.Build.0 = Release|Any CPU
	EndGlobalSection
	GlobalSection(SolutionProperties) = preSolution
		HideSolutionNode = FALSE
	EndGlobalSection
	GlobalSection(ExtensibilityGlobals) = postSolution
		SolutionGuid = {7B76AC05-8A93-4A25-9CED-1300BA2C8FB9}
	EndGlobalSection
EndGlobal
